{
  "name": "xhs-lifecycle-analyzer-ai-lab",
  "version": "0.1.0",
  "lockfileVersion": 3,
  "requires": true,
  "packages": {
    "": {
      "name": "xhs-lifecycle-analyzer-ai-lab",
      "version": "0.1.0",
      "dependencies": {
        "read-excel-file": "^9.3.10"
      }
    },
    "node_modules/fflate": {
      "version": "0.8.3",
      "resolved": "https://registry.npmmirror.com/fflate/-/fflate-0.8.3.tgz",
      "integrity": "sha512-tbZNuJrLwGUp3zshBtdy4W+ORxZuIh8a5ilyIEQDC5rY1f3U20JMry0Ll3WBzU58EZKsEuJFXhb5gwv8CsPvgA==",
      "license": "MIT"
    },
    "node_modules/graceful-fs": {
      "version": "4.2.11",
      "resolved": "https://registry.npmmirror.com/graceful-fs/-/graceful-fs-4.2.11.tgz",
      "integrity": "sha512-RbJ5/jmFcNNCcDV5o9eTnBLJ/HszWV0P73bc+Ff4nS/rJj+YaS6IGyiOL0VoBYX+l1Wrl3k63h/KrH+nhJ0XvQ==",
      "license": "ISC"
    },
    "node_modules/node-int64": {
      "version": "0.4.0",
      "resolved": "https://registry.npmmirror.com/node-int64/-/node-int64-0.4.0.tgz",
      "integrity": "sha512-O5lz91xSOeoXP6DulyHfllpq+Eg00MWitZIbtPfoSEvqIHdl5gfcY6hYzDWnj0qD5tz52PI08u9qUvSVeUBeHw==",
      "license": "MIT"
    },
    "node_modules/read-excel-file": {
      "version": "9.3.10",
      "resolved": "https://registry.npmmirror.com/read-excel-file/-/read-excel-file-9.3.10.tgz",
      "integrity": "sha512-zFcBdzunLCGBmLRT4Q3mLPJnhKPAXXfGAZ83feODlEqX2aRUbgF1h/n2oY0UF7I8tVwnJNRas6fTRD5veDUs+g==",
      "license": "MIT",
      "dependencies": {
        "fflate": "^0.8.3",
        "saxen": "^11.1.0",
        "unzipper-esm": "^0.13.3",
        "worker-f": "^0.1.12"
      },
      "engines": {
        "node": ">=18"
      }
    },
    "node_modules/saxen": {
      "version": "11.1.1",
      "resolved": "https://registry.npmmirror.com/saxen/-/saxen-11.1.1.tgz",
      "integrity": "sha512-J4BkmJFaM7VgE7pgkFGsNEcqqM3h7+Mz80vfLWFhx7uNOCOXIu6LLjQHYWNejdst3pf/3JUaBIG9+pkk1umlow==",
      "license": "MIT",
      "engines": {
        "node": ">= 20.12"
      }
    },
    "node_modules/unzipper-esm": {
      "version": "0.13.3",
      "resolved": "https://registry.npmmirror.com/unzipper-esm/-/unzipper-esm-0.13.3.tgz",
      "integrity": "sha512-LUO6VZ6fCzkDbdMev0/fOhoIeVGKaOkTIOoYxVLE0SQjfvmAHK+oywl7lfhloSZIsdGJ25mJ18Mtd9CyTASjrA==",
      "license": "MIT",
      "dependencies": {
        "graceful-fs": "^4.2.2",
        "node-int64": "^0.4.0"
      },
      "engines": {
        "node": ">=8.0.0"
      }
    },
    "node_modules/worker-f": {
      "version": "0.1.20",
      "resolved": "https://registry.npmmirror.com/worker-f/-/worker-f-0.1.20.tgz",
      "integrity": "sha512-7z5K5z4x++FykhpDTfriT/dOu7CmSap9BBv38DVFU3CD38obopq+DoFH75yBV3butpGm+OeqR9BKdSvYJSnUfQ==",
      "license": "MIT",
      "engines": {
        "node": ">=12"
      }
    }
  }
}
